
Microsoft Visual Studio Solution File, Format Version 12.00
# Visual Studio 15
VisualStudioVersion = 15.0.27428.2037
MinimumVisualStudioVersion = 10.0.40219.1
Project("{FAE04EC0-301F-11D3-BF4B-00C04F79EFBC}") = "testSeba", "testSeba\testSeba.csproj", "{A0942507-EB48-4AE8-BFE8-C181D9558581}"
EndProject
Project("{FAE04EC0-301F-11D3-BF4B-00C04F79EFBC}") = "CMCoreNET", "..\michael crosby\CMCoreNET\CMCoreNET.csproj", "{5A8F0F31-AF1A-45F5-9C64-3095D2ABD1A2}"
EndProject
Global
	GlobalSection(SolutionConfigurationPlatforms) = preSolution
		Debug|Any CPU = Debug|Any CPU
		Release|Any CPU = Release|Any CPU
	EndGlobalSection
	GlobalSection(ProjectConfigurationPlatforms) = postSolution
		{A0942507-EB48-4AE8-BFE8-C181D9558581}.Debug|Any CPU.ActiveCfg = Debug|Any CPU
		{A0942507-EB48-4AE8-BFE8-C181D9558581}.Debug|Any CPU.Build.0 = Debug|Any CPU
		{A0942507-EB48-4AE8-BFE8-C181D9558581}.Release|Any CPU.ActiveCfg = Release|Any CPU
		{A0942507-EB48-4AE8-BFE8-C181D9558581}.Release|Any CPU.Build.0 = Release|Any CPU
		{5A8F0F31-AF1A-45F5-9C64-3095D2ABD1A2}.Debug|Any CPU.ActiveCfg = Debug|Any CPU
		{5A8F0F31-AF1A-45F5-9C64-3095D2ABD1A2}.Debug|Any CPU.Build.0 = Debug|Any CPU
		{5A8F0F31-AF1A-45F5-9C64-3095D2ABD1A2}.Release|Any CPU.ActiveCfg = Release|Any CPU
		{5A8F0F31-AF1A-45F5-9C64-3095D2ABD1A2}.Release|Any CPU.Build.0 = Release|Any CPU
	EndGlobalSection
	GlobalSection(SolutionProperties) = preSolution
		HideSolutionNode = FALSE
	EndGlobalSection
	GlobalSection(ExtensibilityGlobals) = postSolution
		SolutionGuid = {05D70FFE-F3B7-43DD-82DD-9278941460D3}
	EndGlobalSection
EndGlobal
